
Microsoft Visual Studio Solution File, Format Version 12.00
# Visual Studio Version 16
VisualStudioVersion = 16.0.29709.97
MinimumVisualStudioVersion = 10.0.40219.1
Project("{9A19103F-16F7-4668-BE54-9A1E7A4F7556}") = "Map.Server", "GpsServer\Map.Server.csproj", "{E108EFA3-1500-45CA-9DEA-49E893447C38}"
EndProject
Project("{9A19103F-16F7-4668-BE54-9A1E7A4F7556}") = "Map.Client", "GpsConsole\Map.Client.csproj", "{FC16498D-FEAF-44D3-A164-8CA95BC1662B}"
EndProject
Project("{9A19103F-16F7-4668-BE54-9A1E7A4F7556}") = "Map.DataAccess", "GPS.DataAccess\Map.DataAccess.csproj", "{054A1A4E-2CF2-4C17-BF2F-65D51FB2A822}"
EndProject
Project("{9A19103F-16F7-4668-BE54-9A1E7A4F7556}") = "Map.Models", "GPS.Models\Map.Models.csproj", "{9D8DFD06-4260-45B0-939F-576025BB9961}"
EndProject
Project("{9A19103F-16F7-4668-BE54-9A1E7A4F7556}") = "Map.Modules.Teltonika", "GPS.Modules.Teltonika\Map.Modules.Teltonika.csproj", "{62FFB9EB-4270-4978-B106-B5D4D5FEA620}"
EndProject
Global
	GlobalSection(SolutionConfigurationPlatforms) = preSolution
		Debug|Any CPU = Debug|Any CPU
		Release|Any CPU = Release|Any CPU
	EndGlobalSection
	GlobalSection(ProjectConfigurationPlatforms) = postSolution
		{E108EFA3-1500-45CA-9DEA-49E893447C38}.Debug|Any CPU.ActiveCfg = Debug|Any CPU
		{E108EFA3-1500-45CA-9DEA-49E893447C38}.Debug|Any CPU.Build.0 = Debug|Any CPU
		{E108EFA3-1500-45CA-9DEA-49E893447C38}.Release|Any CPU.ActiveCfg = Release|Any CPU
		{E108EFA3-1500-45CA-9DEA-49E893447C38}.Release|Any CPU.Build.0 = Release|Any CPU
		{FC16498D-FEAF-44D3-A164-8CA95BC1662B}.Debug|Any CPU.ActiveCfg = Debug|Any CPU
		{FC16498D-FEAF-44D3-A164-8CA95BC1662B}.Debug|Any CPU.Build.0 = Debug|Any CPU
		{FC16498D-FEAF-44D3-A164-8CA95BC1662B}.Release|Any CPU.ActiveCfg = Release|Any CPU
		{FC16498D-FEAF-44D3-A164-8CA95BC1662B}.Release|Any CPU.Build.0 = Release|Any CPU
		{054A1A4E-2CF2-4C17-BF2F-65D51FB2A822}.Debug|Any CPU.ActiveCfg = Debug|Any CPU
		{054A1A4E-2CF2-4C17-BF2F-65D51FB2A822}.Debug|Any CPU.Build.0 = Debug|Any CPU
		{054A1A4E-2CF2-4C17-BF2F-65D51FB2A822}.Release|Any CPU.ActiveCfg = Release|Any CPU
		{054A1A4E-2CF2-4C17-BF2F-65D51FB2A822}.Release|Any CPU.Build.0 = Release|Any CPU
		{9D8DFD06-4260-45B0-939F-576025BB9961}.Debug|Any CPU.ActiveCfg = Debug|Any CPU
		{9D8DFD06-4260-45B0-939F-576025BB9961}.Debug|Any CPU.Build.0 = Debug|Any CPU
		{9D8DFD06-4260-45B0-939F-576025BB9961}.Release|Any CPU.ActiveCfg = Release|Any CPU
		{9D8DFD06-4260-45B0-939F-576025BB9961}.Release|Any CPU.Build.0 = Release|Any CPU
		{62FFB9EB-4270-4978-B106-B5D4D5FEA620}.Debug|Any CPU.ActiveCfg = Debug|Any CPU
		{62FFB9EB-4270-4978-B106-B5D4D5FEA620}.Debug|Any CPU.Build.0 = Debug|Any CPU
		{62FFB9EB-4270-4978-B106-B5D4D5FEA620}.Release|Any CPU.ActiveCfg = Release|Any CPU
		{62FFB9EB-4270-4978-B106-B5D4D5FEA620}.Release|Any CPU.Build.0 = Release|Any CPU
	EndGlobalSection
	GlobalSection(SolutionProperties) = preSolution
		HideSolutionNode = FALSE
	EndGlobalSection
	GlobalSection(ExtensibilityGlobals) = postSolution
		SolutionGuid = {88DA30EA-9E53-48E9-B05A-FA1AEE8661AE}
	EndGlobalSection
EndGlobal
