
Microsoft Visual Studio Solution File, Format Version 12.00
# Visual Studio Version 16
VisualStudioVersion = 16.0.29709.97
MinimumVisualStudioVersion = 10.0.40219.1
Project("{9A19103F-16F7-4668-BE54-9A1E7A4F7556}") = "Map.Client", "Map.Client\Map.Client.csproj", "{A2087EE1-8032-4C45-A71B-97B865048AF0}"
EndProject
Project("{9A19103F-16F7-4668-BE54-9A1E7A4F7556}") = "Map.DataAccess", "Map.DataAccess\Map.DataAccess.csproj", "{26108ECD-4E5D-4C59-97C7-FA9402BDC4F8}"
EndProject
Project("{9A19103F-16F7-4668-BE54-9A1E7A4F7556}") = "Map.Models", "Map.Models\Map.Models.csproj", "{5420B065-BEE4-4A97-9CED-12DD2A851E84}"
EndProject
Project("{9A19103F-16F7-4668-BE54-9A1E7A4F7556}") = "Map.Modules.Teltonika", "Map.Modules.Teltonika\Map.Modules.Teltonika.csproj", "{A0A9CEF5-F5EC-49BF-AF80-42F27E86A64A}"
EndProject
Project("{9A19103F-16F7-4668-BE54-9A1E7A4F7556}") = "Map.Server", "Map.Server\Map.Server.csproj", "{451B0770-3E2D-4BA0-90D6-DA2611111FA6}"
EndProject
Global
	GlobalSection(SolutionConfigurationPlatforms) = preSolution
		Debug|Any CPU = Debug|Any CPU
		Release|Any CPU = Release|Any CPU
	EndGlobalSection
	GlobalSection(ProjectConfigurationPlatforms) = postSolution
		{A2087EE1-8032-4C45-A71B-97B865048AF0}.Debug|Any CPU.ActiveCfg = Debug|Any CPU
		{A2087EE1-8032-4C45-A71B-97B865048AF0}.Debug|Any CPU.Build.0 = Debug|Any CPU
		{A2087EE1-8032-4C45-A71B-97B865048AF0}.Release|Any CPU.ActiveCfg = Release|Any CPU
		{A2087EE1-8032-4C45-A71B-97B865048AF0}.Release|Any CPU.Build.0 = Release|Any CPU
		{26108ECD-4E5D-4C59-97C7-FA9402BDC4F8}.Debug|Any CPU.ActiveCfg = Debug|Any CPU
		{26108ECD-4E5D-4C59-97C7-FA9402BDC4F8}.Debug|Any CPU.Build.0 = Debug|Any CPU
		{26108ECD-4E5D-4C59-97C7-FA9402BDC4F8}.Release|Any CPU.ActiveCfg = Release|Any CPU
		{26108ECD-4E5D-4C59-97C7-FA9402BDC4F8}.Release|Any CPU.Build.0 = Release|Any CPU
		{5420B065-BEE4-4A97-9CED-12DD2A851E84}.Debug|Any CPU.ActiveCfg = Debug|Any CPU
		{5420B065-BEE4-4A97-9CED-12DD2A851E84}.Debug|Any CPU.Build.0 = Debug|Any CPU
		{5420B065-BEE4-4A97-9CED-12DD2A851E84}.Release|Any CPU.ActiveCfg = Release|Any CPU
		{5420B065-BEE4-4A97-9CED-12DD2A851E84}.Release|Any CPU.Build.0 = Release|Any CPU
		{A0A9CEF5-F5EC-49BF-AF80-42F27E86A64A}.Debug|Any CPU.ActiveCfg = Debug|Any CPU
		{A0A9CEF5-F5EC-49BF-AF80-42F27E86A64A}.Debug|Any CPU.Build.0 = Debug|Any CPU
		{A0A9CEF5-F5EC-49BF-AF80-42F27E86A64A}.Release|Any CPU.ActiveCfg = Release|Any CPU
		{A0A9CEF5-F5EC-49BF-AF80-42F27E86A64A}.Release|Any CPU.Build.0 = Release|Any CPU
		{451B0770-3E2D-4BA0-90D6-DA2611111FA6}.Debug|Any CPU.ActiveCfg = Debug|Any CPU
		{451B0770-3E2D-4BA0-90D6-DA2611111FA6}.Debug|Any CPU.Build.0 = Debug|Any CPU
		{451B0770-3E2D-4BA0-90D6-DA2611111FA6}.Release|Any CPU.ActiveCfg = Release|Any CPU
		{451B0770-3E2D-4BA0-90D6-DA2611111FA6}.Release|Any CPU.Build.0 = Release|Any CPU
	EndGlobalSection
	GlobalSection(SolutionProperties) = preSolution
		HideSolutionNode = FALSE
	EndGlobalSection
	GlobalSection(ExtensibilityGlobals) = postSolution
		SolutionGuid = {88DA30EA-9E53-48E9-B05A-FA1AEE8661AE}
	EndGlobalSection
EndGlobal
